
Microsoft Visual Studio Solution File, Format Version 12.00
# Visual Studio Version 16
VisualStudioVersion = 16.0.32510.428
MinimumVisualStudioVersion = 10.0.40219.1
Project("{FAE04EC0-301F-11D3-BF4B-00C04F79EFBC}") = "SalesWebMvc", "SalesWebMvc\SalesWebMvc.csproj", "{A91E56D6-09CC-419C-ACEF-3E29EC0FF53B}"
EndProject
Global
	GlobalSection(SolutionConfigurationPlatforms) = preSolution
		Debug|Any CPU = Debug|Any CPU
		Release|Any CPU = Release|Any CPU
	EndGlobalSection
	GlobalSection(ProjectConfigurationPlatforms) = postSolution
		{A91E56D6-09CC-419C-ACEF-3E29EC0FF53B}.Debug|Any CPU.ActiveCfg = Debug|Any CPU
		{A91E56D6-09CC-419C-ACEF-3E29EC0FF53B}.Debug|Any CPU.Build.0 = Debug|Any CPU
		{A91E56D6-09CC-419C-ACEF-3E29EC0FF53B}.Release|Any CPU.ActiveCfg = Release|Any CPU
		{A91E56D6-09CC-419C-ACEF-3E29EC0FF53B}.Release|Any CPU.Build.0 = Release|Any CPU
	EndGlobalSection
	GlobalSection(SolutionProperties) = preSolution
		HideSolutionNode = FALSE
	EndGlobalSection
	GlobalSection(ExtensibilityGlobals) = postSolution
		SolutionGuid = {41155606-141A-478A-A977-0E74E5F30569}
	EndGlobalSection
EndGlobal
